
Microsoft Visual Studio Solution File, Format Version 12.00
Project("{FAE04EC0-301F-11D3-BF4B-00C04F79EFBC}") = "TotallyBiased.API", "TotallyBiased.API\TotallyBiased.API.csproj", "{3455A7C6-BA4F-4B08-B4F5-4DF431DB09B3}"
EndProject
Global
	GlobalSection(SolutionConfigurationPlatforms) = preSolution
		Debug|Any CPU = Debug|Any CPU
		Release|Any CPU = Release|Any CPU
	EndGlobalSection
	GlobalSection(ProjectConfigurationPlatforms) = postSolution
		{3455A7C6-BA4F-4B08-B4F5-4DF431DB09B3}.Debug|Any CPU.ActiveCfg = Debug|Any CPU
		{3455A7C6-BA4F-4B08-B4F5-4DF431DB09B3}.Debug|Any CPU.Build.0 = Debug|Any CPU
		{3455A7C6-BA4F-4B08-B4F5-4DF431DB09B3}.Release|Any CPU.ActiveCfg = Release|Any CPU
		{3455A7C6-BA4F-4B08-B4F5-4DF431DB09B3}.Release|Any CPU.Build.0 = Release|Any CPU
	EndGlobalSection
EndGlobal
